
Microsoft Visual Studio Solution File, Format Version 12.00
# Visual Studio Version 16
VisualStudioVersion = 16.0.31424.327
MinimumVisualStudioVersion = 10.0.40219.1
Project("{9A19103F-16F7-4668-BE54-9A1E7A4F7556}") = "TorrentBG", "TorrentBG.csproj", "{90BB8515-311C-4C6A-A936-25A66857AD7B}"
EndProject
Project("{9A19103F-16F7-4668-BE54-9A1E7A4F7556}") = "TorrentBG.Data", "..\TorrentBG.Data\TorrentBG.Data.csproj", "{85080A46-E4A0-4518-BC09-C608241A4623}"
EndProject
Project("{9A19103F-16F7-4668-BE54-9A1E7A4F7556}") = "TorrentBG.Services", "..\TorrentBG.Services\TorrentBG.Services.csproj", "{83331B28-F719-4947-87A6-017573D122F5}"
EndProject
Project("{FAE04EC0-301F-11D3-BF4B-00C04F79EFBC}") = "TorrentBG.Tests", "..\TorrentBG.Tests\TorrentBG.Tests.csproj", "{2813E7F8-C199-448E-8386-B7571A7E5F39}"
EndProject
Global
	GlobalSection(SolutionConfigurationPlatforms) = preSolution
		Debug|Any CPU = Debug|Any CPU
		Release|Any CPU = Release|Any CPU
	EndGlobalSection
	GlobalSection(ProjectConfigurationPlatforms) = postSolution
		{90BB8515-311C-4C6A-A936-25A66857AD7B}.Debug|Any CPU.ActiveCfg = Debug|Any CPU
		{90BB8515-311C-4C6A-A936-25A66857AD7B}.Debug|Any CPU.Build.0 = Debug|Any CPU
		{90BB8515-311C-4C6A-A936-25A66857AD7B}.Release|Any CPU.ActiveCfg = Release|Any CPU
		{90BB8515-311C-4C6A-A936-25A66857AD7B}.Release|Any CPU.Build.0 = Release|Any CPU
		{85080A46-E4A0-4518-BC09-C608241A4623}.Debug|Any CPU.ActiveCfg = Debug|Any CPU
		{85080A46-E4A0-4518-BC09-C608241A4623}.Debug|Any CPU.Build.0 = Debug|Any CPU
		{85080A46-E4A0-4518-BC09-C608241A4623}.Release|Any CPU.ActiveCfg = Release|Any CPU
		{85080A46-E4A0-4518-BC09-C608241A4623}.Release|Any CPU.Build.0 = Release|Any CPU
		{83331B28-F719-4947-87A6-017573D122F5}.Debug|Any CPU.ActiveCfg = Debug|Any CPU
		{83331B28-F719-4947-87A6-017573D122F5}.Debug|Any CPU.Build.0 = Debug|Any CPU
		{83331B28-F719-4947-87A6-017573D122F5}.Release|Any CPU.ActiveCfg = Release|Any CPU
		{83331B28-F719-4947-87A6-017573D122F5}.Release|Any CPU.Build.0 = Release|Any CPU
		{2813E7F8-C199-448E-8386-B7571A7E5F39}.Debug|Any CPU.ActiveCfg = Debug|Any CPU
		{2813E7F8-C199-448E-8386-B7571A7E5F39}.Debug|Any CPU.Build.0 = Debug|Any CPU
		{2813E7F8-C199-448E-8386-B7571A7E5F39}.Release|Any CPU.ActiveCfg = Release|Any CPU
		{2813E7F8-C199-448E-8386-B7571A7E5F39}.Release|Any CPU.Build.0 = Release|Any CPU
	EndGlobalSection
	GlobalSection(SolutionProperties) = preSolution
		HideSolutionNode = FALSE
	EndGlobalSection
	GlobalSection(ExtensibilityGlobals) = postSolution
		SolutionGuid = {86EDB16A-18E9-44A1-82E5-9894AEAE3E5B}
	EndGlobalSection
EndGlobal
